
Microsoft Visual Studio Solution File, Format Version 12.00
# Visual Studio 15
VisualStudioVersion = 15.0.27806.0
MinimumVisualStudioVersion = 10.0.40219.1
Project("{9A19103F-16F7-4668-BE54-9A1E7A4F7556}") = "SampleApp", "SampleApp\SampleApp.csproj", "{D96C3418-AB61-4918-9689-B698664053B4}"
EndProject
Project("{9A19103F-16F7-4668-BE54-9A1E7A4F7556}") = "Erhardt.Multiprotocol", "Erhardt.Multiprotocol\Erhardt.Multiprotocol.csproj", "{6E5A4037-2A6C-4132-8B15-259FA48493F6}"
EndProject
Project("{9A19103F-16F7-4668-BE54-9A1E7A4F7556}") = "Erhardt.RF24", "Erhardt.RF24\Erhardt.RF24.csproj", "{A51C019E-4A70-478B-9999-C362DAA0DDE2}"
EndProject
Project("{FAE04EC0-301F-11D3-BF4B-00C04F79EFBC}") = "GpioSampleApp", "GpioSampleApp\GpioSampleApp.csproj", "{E29C0B11-AF43-4878-9C93-30FBDAEB41A4}"
EndProject
Global
	GlobalSection(SolutionConfigurationPlatforms) = preSolution
		Debug|Any CPU = Debug|Any CPU
		Release|Any CPU = Release|Any CPU
	EndGlobalSection
	GlobalSection(ProjectConfigurationPlatforms) = postSolution
		{D96C3418-AB61-4918-9689-B698664053B4}.Debug|Any CPU.ActiveCfg = Debug|Any CPU
		{D96C3418-AB61-4918-9689-B698664053B4}.Debug|Any CPU.Build.0 = Debug|Any CPU
		{D96C3418-AB61-4918-9689-B698664053B4}.Release|Any CPU.ActiveCfg = Release|Any CPU
		{D96C3418-AB61-4918-9689-B698664053B4}.Release|Any CPU.Build.0 = Release|Any CPU
		{6E5A4037-2A6C-4132-8B15-259FA48493F6}.Debug|Any CPU.ActiveCfg = Debug|Any CPU
		{6E5A4037-2A6C-4132-8B15-259FA48493F6}.Debug|Any CPU.Build.0 = Debug|Any CPU
		{6E5A4037-2A6C-4132-8B15-259FA48493F6}.Release|Any CPU.ActiveCfg = Release|Any CPU
		{6E5A4037-2A6C-4132-8B15-259FA48493F6}.Release|Any CPU.Build.0 = Release|Any CPU
		{A51C019E-4A70-478B-9999-C362DAA0DDE2}.Debug|Any CPU.ActiveCfg = Debug|Any CPU
		{A51C019E-4A70-478B-9999-C362DAA0DDE2}.Debug|Any CPU.Build.0 = Debug|Any CPU
		{A51C019E-4A70-478B-9999-C362DAA0DDE2}.Release|Any CPU.ActiveCfg = Release|Any CPU
		{A51C019E-4A70-478B-9999-C362DAA0DDE2}.Release|Any CPU.Build.0 = Release|Any CPU
		{E29C0B11-AF43-4878-9C93-30FBDAEB41A4}.Debug|Any CPU.ActiveCfg = Debug|Any CPU
		{E29C0B11-AF43-4878-9C93-30FBDAEB41A4}.Debug|Any CPU.Build.0 = Debug|Any CPU
		{E29C0B11-AF43-4878-9C93-30FBDAEB41A4}.Release|Any CPU.ActiveCfg = Release|Any CPU
		{E29C0B11-AF43-4878-9C93-30FBDAEB41A4}.Release|Any CPU.Build.0 = Release|Any CPU
	EndGlobalSection
	GlobalSection(SolutionProperties) = preSolution
		HideSolutionNode = FALSE
	EndGlobalSection
	GlobalSection(ExtensibilityGlobals) = postSolution
		SolutionGuid = {F1B1F0B3-449A-4426-AD1D-F8E028D214BE}
	EndGlobalSection
EndGlobal
